
Microsoft Visual Studio Solution File, Format Version 12.00
# Visual Studio Version 16
VisualStudioVersion = 16.0.32228.547
MinimumVisualStudioVersion = 10.0.40219.1
Project("{FAE04EC0-301F-11D3-BF4B-00C04F79EFBC}") = "ImageProcessor", "ImageProcessor\ImageProcessor.csproj", "{EEE7453B-8715-4BCE-80D4-7C5FF9173BBC}"
EndProject
Global
	GlobalSection(SolutionConfigurationPlatforms) = preSolution
		Debug|Any CPU = Debug|Any CPU
		Release|Any CPU = Release|Any CPU
	EndGlobalSection
	GlobalSection(ProjectConfigurationPlatforms) = postSolution
		{EEE7453B-8715-4BCE-80D4-7C5FF9173BBC}.Debug|Any CPU.ActiveCfg = Debug|Any CPU
		{EEE7453B-8715-4BCE-80D4-7C5FF9173BBC}.Debug|Any CPU.Build.0 = Debug|Any CPU
		{EEE7453B-8715-4BCE-80D4-7C5FF9173BBC}.Release|Any CPU.ActiveCfg = Release|Any CPU
		{EEE7453B-8715-4BCE-80D4-7C5FF9173BBC}.Release|Any CPU.Build.0 = Release|Any CPU
	EndGlobalSection
	GlobalSection(SolutionProperties) = preSolution
		HideSolutionNode = FALSE
	EndGlobalSection
	GlobalSection(ExtensibilityGlobals) = postSolution
		SolutionGuid = {14959322-454C-41F7-BA00-65B30CC8FDD4}
	EndGlobalSection
EndGlobal
